PODS:
  - Capacitor (7.6.4):
    - CapacitorCordova
  - CapacitorCommunitySpeechRecognition (7.0.1):
    - Capacitor
  - CapacitorCordova (7.6.4)
  - CapgoCapacitorNativeBiometric (7.1.13):
    - Capacitor
  - Sentry (9.8.0):
    - Sentry/Core (= 9.8.0)
  - Sentry/Core (9.8.0)
  - SentryCapacitor (4.0.0):
    - Capacitor
    - Sentry (= 9.8.0)

DEPENDENCIES:
  - "Capacitor (from `../../../../node_modules/.pnpm/@capacitor+ios@7.6.4_@capacitor+core@7.6.4/node_modules/@capacitor/ios`)"
  - "CapacitorCommunitySpeechRecognition (from `../../../../node_modules/.pnpm/@capacitor-community+speech-recognition@7.0.1_@capacitor+core@7.6.4/node_modules/@capacitor-community/speech-recognition`)"
  - "CapacitorCordova (from `../../../../node_modules/.pnpm/@capacitor+ios@7.6.4_@capacitor+core@7.6.4/node_modules/@capacitor/ios`)"
  - "CapgoCapacitorNativeBiometric (from `../../../../node_modules/.pnpm/@capgo+capacitor-native-biometric@8.4.5_@capacitor+core@7.6.4/node_modules/@capgo/capacitor-native-biometric`)"
  - "SentryCapacitor (from `../../../../node_modules/.pnpm/@sentry+capacitor@4.0.0_@capacitor+core@7.6.4_@sentry+react@10.43.0_react@18.3.1_/node_modules/@sentry/capacitor`)"

SPEC REPOS:
  trunk:
    - Sentry

EXTERNAL SOURCES:
  Capacitor:
    :path: "../../../../node_modules/.pnpm/@capacitor+ios@7.6.4_@capacitor+core@7.6.4/node_modules/@capacitor/ios"
  CapacitorCommunitySpeechRecognition:
    :path: "../../../../node_modules/.pnpm/@capacitor-community+speech-recognition@7.0.1_@capacitor+core@7.6.4/node_modules/@capacitor-community/speech-recognition"
  CapacitorCordova:
    :path: "../../../../node_modules/.pnpm/@capacitor+ios@7.6.4_@capacitor+core@7.6.4/node_modules/@capacitor/ios"
  CapgoCapacitorNativeBiometric:
    :path: "../../../../node_modules/.pnpm/@capgo+capacitor-native-biometric@8.4.5_@capacitor+core@7.6.4/node_modules/@capgo/capacitor-native-biometric"
  SentryCapacitor:
    :path: "../../../../node_modules/.pnpm/@sentry+capacitor@4.0.0_@capacitor+core@7.6.4_@sentry+react@10.43.0_react@18.3.1_/node_modules/@sentry/capacitor"

SPEC CHECKSUMS:
  Capacitor: 69dc07ebc6bd064747c5e76922f97e4862d9cc23
  CapacitorCommunitySpeechRecognition: 3e03566c44c2bb3b52391a33d4518b1adbdeb38f
  CapacitorCordova: e343e95a672ff73e21a77a80257b52fb609b47d5
  CapgoCapacitorNativeBiometric: c9a116d9516b3f52dd335aea6a0c5073be36fe5a
  Sentry: 88746bf877eff714bc45315a39ad1d1efea2cdda
  SentryCapacitor: 1d620200b850ef6f4e7056f5e20d7860e7c04572

PODFILE CHECKSUM: 2edaddcada3872992701c8d930e6d301702670d7

COCOAPODS: 1.16.2
