PODS:
  - Capacitor (7.6.4):
    - CapacitorCordova
  - CapacitorCordova (7.6.4)
  - Sentry (9.8.0):
    - Sentry/Core (= 9.8.0)
  - Sentry/Core (9.8.0)
  - SentryCapacitor (4.0.0):
    - Capacitor
    - Sentry (= 9.8.0)

DEPENDENCIES:
  - "Capacitor (from `../../../../node_modules/.pnpm/@capacitor+ios@7.6.4_@capacitor+core@7.6.4/node_modules/@capacitor/ios`)"
  - "CapacitorCordova (from `../../../../node_modules/.pnpm/@capacitor+ios@7.6.4_@capacitor+core@7.6.4/node_modules/@capacitor/ios`)"
  - "SentryCapacitor (from `../../../../node_modules/.pnpm/@sentry+capacitor@4.0.0_@capacitor+core@7.6.4_@sentry+react@10.53.1_react@18.3.1_/node_modules/@sentry/capacitor`)"

SPEC REPOS:
  trunk:
    - Sentry

EXTERNAL SOURCES:
  Capacitor:
    :path: "../../../../node_modules/.pnpm/@capacitor+ios@7.6.4_@capacitor+core@7.6.4/node_modules/@capacitor/ios"
  CapacitorCordova:
    :path: "../../../../node_modules/.pnpm/@capacitor+ios@7.6.4_@capacitor+core@7.6.4/node_modules/@capacitor/ios"
  SentryCapacitor:
    :path: "../../../../node_modules/.pnpm/@sentry+capacitor@4.0.0_@capacitor+core@7.6.4_@sentry+react@10.53.1_react@18.3.1_/node_modules/@sentry/capacitor"

SPEC CHECKSUMS:
  Capacitor: 69dc07ebc6bd064747c5e76922f97e4862d9cc23
  CapacitorCordova: e343e95a672ff73e21a77a80257b52fb609b47d5
  Sentry: 88746bf877eff714bc45315a39ad1d1efea2cdda
  SentryCapacitor: 1d620200b850ef6f4e7056f5e20d7860e7c04572

PODFILE CHECKSUM: 3048550024ccb48baad571c4b834f0cc41195f6d

COCOAPODS: 1.16.2
